
Microsoft Visual Studio Solution File, Format Version 12.00
Project("{FAE04EC0-301F-11D3-BF4B-00C04F79EFBC}") = "Day1", "Day1\Day1.csproj", "{33F7950A-13EB-499C-BD6F-25729680D240}"
EndProject
Project("{FAE04EC0-301F-11D3-BF4B-00C04F79EFBC}") = "Common", "Common\Common.csproj", "{17F8A2D5-4138-45E8-BB9B-73C4F29CF47B}"
EndProject
Project("{FAE04EC0-301F-11D3-BF4B-00C04F79EFBC}") = "Day2", "Day2\Day2.csproj", "{0F8EF75B-8297-4ADB-BF6E-5CA0DEB70F14}"
EndProject
Project("{FAE04EC0-301F-11D3-BF4B-00C04F79EFBC}") = "Day3", "Day3\Day3.csproj", "{22FFF5CB-FAAF-4C77-BACF-4ACF48907813}"
EndProject
Project("{FAE04EC0-301F-11D3-BF4B-00C04F79EFBC}") = "Day4", "Day4\Day4.csproj", "{F2932EBF-DE43-46D5-BC97-8CC677A5D910}"
EndProject
Project("{FAE04EC0-301F-11D3-BF4B-00C04F79EFBC}") = "Day5", "Day5\Day5.csproj", "{61C988C6-AFD9-4B20-B58D-1F94EB4878D8}"
EndProject
Project("{FAE04EC0-301F-11D3-BF4B-00C04F79EFBC}") = "Day6", "Day6\Day6.csproj", "{BE5A9FA3-3E24-41D7-B160-8FF45A25E5D9}"
EndProject
Project("{FAE04EC0-301F-11D3-BF4B-00C04F79EFBC}") = "Day7", "Day7\Day7.csproj", "{2886D73B-D5FB-429B-8B43-1F09ACB25A15}"
EndProject
Project("{FAE04EC0-301F-11D3-BF4B-00C04F79EFBC}") = "Day8", "Day8\Day8.csproj", "{F019AA5A-E447-4DFD-96A6-1553283E958E}"
EndProject
Project("{FAE04EC0-301F-11D3-BF4B-00C04F79EFBC}") = "Day9", "Day9\Day9.csproj", "{9BA98094-6C9F-4E16-8974-FEA7CFFAC95D}"
EndProject
Global
	GlobalSection(SolutionConfigurationPlatforms) = preSolution
		Debug|Any CPU = Debug|Any CPU
		Release|Any CPU = Release|Any CPU
	EndGlobalSection
	GlobalSection(ProjectConfigurationPlatforms) = postSolution
		{33F7950A-13EB-499C-BD6F-25729680D240}.Debug|Any CPU.ActiveCfg = Debug|Any CPU
		{33F7950A-13EB-499C-BD6F-25729680D240}.Debug|Any CPU.Build.0 = Debug|Any CPU
		{33F7950A-13EB-499C-BD6F-25729680D240}.Release|Any CPU.ActiveCfg = Release|Any CPU
		{33F7950A-13EB-499C-BD6F-25729680D240}.Release|Any CPU.Build.0 = Release|Any CPU
		{17F8A2D5-4138-45E8-BB9B-73C4F29CF47B}.Debug|Any CPU.ActiveCfg = Debug|Any CPU
		{17F8A2D5-4138-45E8-BB9B-73C4F29CF47B}.Debug|Any CPU.Build.0 = Debug|Any CPU
		{17F8A2D5-4138-45E8-BB9B-73C4F29CF47B}.Release|Any CPU.ActiveCfg = Release|Any CPU
		{17F8A2D5-4138-45E8-BB9B-73C4F29CF47B}.Release|Any CPU.Build.0 = Release|Any CPU
		{0F8EF75B-8297-4ADB-BF6E-5CA0DEB70F14}.Debug|Any CPU.ActiveCfg = Debug|Any CPU
		{0F8EF75B-8297-4ADB-BF6E-5CA0DEB70F14}.Debug|Any CPU.Build.0 = Debug|Any CPU
		{0F8EF75B-8297-4ADB-BF6E-5CA0DEB70F14}.Release|Any CPU.ActiveCfg = Release|Any CPU
		{0F8EF75B-8297-4ADB-BF6E-5CA0DEB70F14}.Release|Any CPU.Build.0 = Release|Any CPU
		{22FFF5CB-FAAF-4C77-BACF-4ACF48907813}.Debug|Any CPU.ActiveCfg = Debug|Any CPU
		{22FFF5CB-FAAF-4C77-BACF-4ACF48907813}.Debug|Any CPU.Build.0 = Debug|Any CPU
		{22FFF5CB-FAAF-4C77-BACF-4ACF48907813}.Release|Any CPU.ActiveCfg = Release|Any CPU
		{22FFF5CB-FAAF-4C77-BACF-4ACF48907813}.Release|Any CPU.Build.0 = Release|Any CPU
		{F2932EBF-DE43-46D5-BC97-8CC677A5D910}.Debug|Any CPU.ActiveCfg = Debug|Any CPU
		{F2932EBF-DE43-46D5-BC97-8CC677A5D910}.Debug|Any CPU.Build.0 = Debug|Any CPU
		{F2932EBF-DE43-46D5-BC97-8CC677A5D910}.Release|Any CPU.ActiveCfg = Release|Any CPU
		{F2932EBF-DE43-46D5-BC97-8CC677A5D910}.Release|Any CPU.Build.0 = Release|Any CPU
		{61C988C6-AFD9-4B20-B58D-1F94EB4878D8}.Debug|Any CPU.ActiveCfg = Debug|Any CPU
		{61C988C6-AFD9-4B20-B58D-1F94EB4878D8}.Debug|Any CPU.Build.0 = Debug|Any CPU
		{61C988C6-AFD9-4B20-B58D-1F94EB4878D8}.Release|Any CPU.ActiveCfg = Release|Any CPU
		{61C988C6-AFD9-4B20-B58D-1F94EB4878D8}.Release|Any CPU.Build.0 = Release|Any CPU
		{BE5A9FA3-3E24-41D7-B160-8FF45A25E5D9}.Debug|Any CPU.ActiveCfg = Debug|Any CPU
		{BE5A9FA3-3E24-41D7-B160-8FF45A25E5D9}.Debug|Any CPU.Build.0 = Debug|Any CPU
		{BE5A9FA3-3E24-41D7-B160-8FF45A25E5D9}.Release|Any CPU.ActiveCfg = Release|Any CPU
		{BE5A9FA3-3E24-41D7-B160-8FF45A25E5D9}.Release|Any CPU.Build.0 = Release|Any CPU
		{2886D73B-D5FB-429B-8B43-1F09ACB25A15}.Debug|Any CPU.ActiveCfg = Debug|Any CPU
		{2886D73B-D5FB-429B-8B43-1F09ACB25A15}.Debug|Any CPU.Build.0 = Debug|Any CPU
		{2886D73B-D5FB-429B-8B43-1F09ACB25A15}.Release|Any CPU.ActiveCfg = Release|Any CPU
		{2886D73B-D5FB-429B-8B43-1F09ACB25A15}.Release|Any CPU.Build.0 = Release|Any CPU
		{F019AA5A-E447-4DFD-96A6-1553283E958E}.Debug|Any CPU.ActiveCfg = Debug|Any CPU
		{F019AA5A-E447-4DFD-96A6-1553283E958E}.Debug|Any CPU.Build.0 = Debug|Any CPU
		{F019AA5A-E447-4DFD-96A6-1553283E958E}.Release|Any CPU.ActiveCfg = Release|Any CPU
		{F019AA5A-E447-4DFD-96A6-1553283E958E}.Release|Any CPU.Build.0 = Release|Any CPU
		{9BA98094-6C9F-4E16-8974-FEA7CFFAC95D}.Debug|Any CPU.ActiveCfg = Debug|Any CPU
		{9BA98094-6C9F-4E16-8974-FEA7CFFAC95D}.Debug|Any CPU.Build.0 = Debug|Any CPU
		{9BA98094-6C9F-4E16-8974-FEA7CFFAC95D}.Release|Any CPU.ActiveCfg = Release|Any CPU
		{9BA98094-6C9F-4E16-8974-FEA7CFFAC95D}.Release|Any CPU.Build.0 = Release|Any CPU
	EndGlobalSection
EndGlobal
